
Microsoft Visual Studio Solution File, Format Version 12.00
# Visual Studio Version 16
VisualStudioVersion = 16.0.29911.84
MinimumVisualStudioVersion = 10.0.40219.1
Project("{FAE04EC0-301F-11D3-BF4B-00C04F79EFBC}") = "rating-empresas-api-.NET", "rating-empresas-api-.NET.csproj", "{FDA5A7D7-4A77-40D9-9C08-25DBEC52921C}"
EndProject
Global
	GlobalSection(SolutionConfigurationPlatforms) = preSolution
		Debug|Any CPU = Debug|Any CPU
		Release|Any CPU = Release|Any CPU
	EndGlobalSection
	GlobalSection(ProjectConfigurationPlatforms) = postSolution
		{FDA5A7D7-4A77-40D9-9C08-25DBEC52921C}.Debug|Any CPU.ActiveCfg = Debug|Any CPU
		{FDA5A7D7-4A77-40D9-9C08-25DBEC52921C}.Debug|Any CPU.Build.0 = Debug|Any CPU
		{FDA5A7D7-4A77-40D9-9C08-25DBEC52921C}.Release|Any CPU.ActiveCfg = Release|Any CPU
		{FDA5A7D7-4A77-40D9-9C08-25DBEC52921C}.Release|Any CPU.Build.0 = Release|Any CPU
	EndGlobalSection
	GlobalSection(SolutionProperties) = preSolution
		HideSolutionNode = FALSE
	EndGlobalSection
	GlobalSection(ExtensibilityGlobals) = postSolution
		SolutionGuid = {B7047F6D-5377-43AA-826A-8FF334FB557F}
	EndGlobalSection
EndGlobal
